
Microsoft Visual Studio Solution File, Format Version 12.00
# Visual Studio 15
VisualStudioVersion = 15.0.26430.13
MinimumVisualStudioVersion = 10.0.40219.1
Project("{9A19103F-16F7-4668-BE54-9A1E7A4F7556}") = "VoiConShop", "VoiConShop\VoiConShop.csproj", "{4F928CD5-DFB5-4176-A0AF-63F8132498DA}"
EndProject
Global
	GlobalSection(SolutionConfigurationPlatforms) = preSolution
		Debug|Any CPU = Debug|Any CPU
		Release|Any CPU = Release|Any CPU
	EndGlobalSection
	GlobalSection(ProjectConfigurationPlatforms) = postSolution
		{4F928CD5-DFB5-4176-A0AF-63F8132498DA}.Debug|Any CPU.ActiveCfg = Debug|Any CPU
		{4F928CD5-DFB5-4176-A0AF-63F8132498DA}.Debug|Any CPU.Build.0 = Debug|Any CPU
		{4F928CD5-DFB5-4176-A0AF-63F8132498DA}.Release|Any CPU.ActiveCfg = Release|Any CPU
		{4F928CD5-DFB5-4176-A0AF-63F8132498DA}.Release|Any CPU.Build.0 = Release|Any CPU
	EndGlobalSection
	GlobalSection(SolutionProperties) = preSolution
		HideSolutionNode = FALSE
	EndGlobalSection
	GlobalSection(TeamFoundationVersionControl) = preSolution
		SccNumberOfProjects = 2
		SccEnterpriseProvider = {4CA58AB2-18FA-4F8D-95D4-32DDF27D184C}
		SccTeamFoundationServer = https://hoangnx1.visualstudio.com/DefaultCollection
		SccLocalPath0 = .
		SccProjectUniqueName1 = VoiConShop\\VoiConShop.csproj
		SccProjectName1 = VoiConShop
		SccLocalPath1 = VoiConShop
	EndGlobalSection
EndGlobal
